
Microsoft Visual Studio Solution File, Format Version 12.00
# Visual Studio Version 16
VisualStudioVersion = 16.0.32602.291
MinimumVisualStudioVersion = 10.0.40219.1
Project("{FAE04EC0-301F-11D3-BF4B-00C04F79EFBC}") = "PeopleAndOrders.DAL", "PeopleAndOrders.DAL\PeopleAndOrders.DAL.csproj", "{35D498C9-0F7A-4528-A4DD-09333624CEAE}"
	ProjectSection(ProjectDependencies) = postProject
		{2BD8563F-9911-4382-9028-5B8789578032} = {2BD8563F-9911-4382-9028-5B8789578032}
	EndProjectSection
EndProject
Project("{FAE04EC0-301F-11D3-BF4B-00C04F79EFBC}") = "PeopleAndOrders.Common", "PeopleAndOrders.Common\PeopleAndOrders.Common.csproj", "{2BD8563F-9911-4382-9028-5B8789578032}"
EndProject
Project("{FAE04EC0-301F-11D3-BF4B-00C04F79EFBC}") = "PeopleAndOrders.Repository", "PeopleAndOrders.Repository\PeopleAndOrders.Repository.csproj", "{E1FFBC09-BF64-4224-BB9C-B78C70D1FD72}"
	ProjectSection(ProjectDependencies) = postProject
		{7EBF1706-54CF-46F3-82C1-FAFC8A01ADD3} = {7EBF1706-54CF-46F3-82C1-FAFC8A01ADD3}
		{E89CEC2A-4F78-4244-A584-D74777E8056B} = {E89CEC2A-4F78-4244-A584-D74777E8056B}
		{2BD8563F-9911-4382-9028-5B8789578032} = {2BD8563F-9911-4382-9028-5B8789578032}
		{9DE1FDEE-A6DE-4D7C-80ED-A4EC82554380} = {9DE1FDEE-A6DE-4D7C-80ED-A4EC82554380}
	EndProjectSection
EndProject
Project("{FAE04EC0-301F-11D3-BF4B-00C04F79EFBC}") = "PeopleAndOrders.Model", "PeopleAndOrders.Model\PeopleAndOrders.Model.csproj", "{9DE1FDEE-A6DE-4D7C-80ED-A4EC82554380}"
	ProjectSection(ProjectDependencies) = postProject
		{E89CEC2A-4F78-4244-A584-D74777E8056B} = {E89CEC2A-4F78-4244-A584-D74777E8056B}
		{2BD8563F-9911-4382-9028-5B8789578032} = {2BD8563F-9911-4382-9028-5B8789578032}
		{35D498C9-0F7A-4528-A4DD-09333624CEAE} = {35D498C9-0F7A-4528-A4DD-09333624CEAE}
	EndProjectSection
EndProject
Project("{FAE04EC0-301F-11D3-BF4B-00C04F79EFBC}") = "PeopleAndOrders.Service", "PeopleAndOrders.Service\PeopleAndOrders.Service.csproj", "{8C0DB5D8-C180-41B3-90B8-C6E660B47953}"
	ProjectSection(ProjectDependencies) = postProject
		{7EBF1706-54CF-46F3-82C1-FAFC8A01ADD3} = {7EBF1706-54CF-46F3-82C1-FAFC8A01ADD3}
		{E1FFBC09-BF64-4224-BB9C-B78C70D1FD72} = {E1FFBC09-BF64-4224-BB9C-B78C70D1FD72}
		{2BD8563F-9911-4382-9028-5B8789578032} = {2BD8563F-9911-4382-9028-5B8789578032}
		{5E2B918C-0984-4244-A069-C11EA4EA4299} = {5E2B918C-0984-4244-A069-C11EA4EA4299}
		{9DE1FDEE-A6DE-4D7C-80ED-A4EC82554380} = {9DE1FDEE-A6DE-4D7C-80ED-A4EC82554380}
	EndProjectSection
EndProject
Project("{FAE04EC0-301F-11D3-BF4B-00C04F79EFBC}") = "PeopleAndOrders.Model.Common", "PeopleAndOrders.Model.Common\PeopleAndOrders.Model.Common.csproj", "{E89CEC2A-4F78-4244-A584-D74777E8056B}"
	ProjectSection(ProjectDependencies) = postProject
		{2BD8563F-9911-4382-9028-5B8789578032} = {2BD8563F-9911-4382-9028-5B8789578032}
		{35D498C9-0F7A-4528-A4DD-09333624CEAE} = {35D498C9-0F7A-4528-A4DD-09333624CEAE}
	EndProjectSection
EndProject
Project("{FAE04EC0-301F-11D3-BF4B-00C04F79EFBC}") = "PeopleAndOrders.Repository.Common", "PeopleAndOrders.Repository.Common\PeopleAndOrders.Repository.Common.csproj", "{7EBF1706-54CF-46F3-82C1-FAFC8A01ADD3}"
	ProjectSection(ProjectDependencies) = postProject
		{E89CEC2A-4F78-4244-A584-D74777E8056B} = {E89CEC2A-4F78-4244-A584-D74777E8056B}
		{2BD8563F-9911-4382-9028-5B8789578032} = {2BD8563F-9911-4382-9028-5B8789578032}
		{9DE1FDEE-A6DE-4D7C-80ED-A4EC82554380} = {9DE1FDEE-A6DE-4D7C-80ED-A4EC82554380}
	EndProjectSection
EndProject
Project("{FAE04EC0-301F-11D3-BF4B-00C04F79EFBC}") = "PeopleAndOrders.Service.Common", "PeopleAndOrders.Service.Common\PeopleAndOrders.Service.Common.csproj", "{5E2B918C-0984-4244-A069-C11EA4EA4299}"
	ProjectSection(ProjectDependencies) = postProject
		{7EBF1706-54CF-46F3-82C1-FAFC8A01ADD3} = {7EBF1706-54CF-46F3-82C1-FAFC8A01ADD3}
		{E1FFBC09-BF64-4224-BB9C-B78C70D1FD72} = {E1FFBC09-BF64-4224-BB9C-B78C70D1FD72}
		{2BD8563F-9911-4382-9028-5B8789578032} = {2BD8563F-9911-4382-9028-5B8789578032}
		{9DE1FDEE-A6DE-4D7C-80ED-A4EC82554380} = {9DE1FDEE-A6DE-4D7C-80ED-A4EC82554380}
	EndProjectSection
EndProject
Project("{2150E333-8FDC-42A3-9474-1A3956D46DE8}") = "Solution Items", "Solution Items", "{3F81CD11-83A2-4F60-863C-97C54A9FED8E}"
	ProjectSection(SolutionItems) = preProject
		.editorconfig = .editorconfig
	EndProjectSection
EndProject
Project("{FAE04EC0-301F-11D3-BF4B-00C04F79EFBC}") = "PeopleAndOrders.WebAPI", "PeopleAndOrders.WebAPI\PeopleAndOrders.WebAPI.csproj", "{A8784D51-A32F-4939-8112-548312AA4F17}"
	ProjectSection(ProjectDependencies) = postProject
		{7EBF1706-54CF-46F3-82C1-FAFC8A01ADD3} = {7EBF1706-54CF-46F3-82C1-FAFC8A01ADD3}
		{E1FFBC09-BF64-4224-BB9C-B78C70D1FD72} = {E1FFBC09-BF64-4224-BB9C-B78C70D1FD72}
		{E89CEC2A-4F78-4244-A584-D74777E8056B} = {E89CEC2A-4F78-4244-A584-D74777E8056B}
		{2BD8563F-9911-4382-9028-5B8789578032} = {2BD8563F-9911-4382-9028-5B8789578032}
		{5E2B918C-0984-4244-A069-C11EA4EA4299} = {5E2B918C-0984-4244-A069-C11EA4EA4299}
		{8C0DB5D8-C180-41B3-90B8-C6E660B47953} = {8C0DB5D8-C180-41B3-90B8-C6E660B47953}
		{9DE1FDEE-A6DE-4D7C-80ED-A4EC82554380} = {9DE1FDEE-A6DE-4D7C-80ED-A4EC82554380}
	EndProjectSection
EndProject
Global
	GlobalSection(SolutionConfigurationPlatforms) = preSolution
		Debug|Any CPU = Debug|Any CPU
		Release|Any CPU = Release|Any CPU
	EndGlobalSection
	GlobalSection(ProjectConfigurationPlatforms) = postSolution
		{35D498C9-0F7A-4528-A4DD-09333624CEAE}.Debug|Any CPU.ActiveCfg = Debug|Any CPU
		{35D498C9-0F7A-4528-A4DD-09333624CEAE}.Debug|Any CPU.Build.0 = Debug|Any CPU
		{35D498C9-0F7A-4528-A4DD-09333624CEAE}.Release|Any CPU.ActiveCfg = Release|Any CPU
		{35D498C9-0F7A-4528-A4DD-09333624CEAE}.Release|Any CPU.Build.0 = Release|Any CPU
		{2BD8563F-9911-4382-9028-5B8789578032}.Debug|Any CPU.ActiveCfg = Debug|Any CPU
		{2BD8563F-9911-4382-9028-5B8789578032}.Debug|Any CPU.Build.0 = Debug|Any CPU
		{2BD8563F-9911-4382-9028-5B8789578032}.Release|Any CPU.ActiveCfg = Release|Any CPU
		{2BD8563F-9911-4382-9028-5B8789578032}.Release|Any CPU.Build.0 = Release|Any CPU
		{E1FFBC09-BF64-4224-BB9C-B78C70D1FD72}.Debug|Any CPU.ActiveCfg = Debug|Any CPU
		{E1FFBC09-BF64-4224-BB9C-B78C70D1FD72}.Debug|Any CPU.Build.0 = Debug|Any CPU
		{E1FFBC09-BF64-4224-BB9C-B78C70D1FD72}.Release|Any CPU.ActiveCfg = Release|Any CPU
		{E1FFBC09-BF64-4224-BB9C-B78C70D1FD72}.Release|Any CPU.Build.0 = Release|Any CPU
		{9DE1FDEE-A6DE-4D7C-80ED-A4EC82554380}.Debug|Any CPU.ActiveCfg = Debug|Any CPU
		{9DE1FDEE-A6DE-4D7C-80ED-A4EC82554380}.Debug|Any CPU.Build.0 = Debug|Any CPU
		{9DE1FDEE-A6DE-4D7C-80ED-A4EC82554380}.Release|Any CPU.ActiveCfg = Release|Any CPU
		{9DE1FDEE-A6DE-4D7C-80ED-A4EC82554380}.Release|Any CPU.Build.0 = Release|Any CPU
		{8C0DB5D8-C180-41B3-90B8-C6E660B47953}.Debug|Any CPU.ActiveCfg = Debug|Any CPU
		{8C0DB5D8-C180-41B3-90B8-C6E660B47953}.Debug|Any CPU.Build.0 = Debug|Any CPU
		{8C0DB5D8-C180-41B3-90B8-C6E660B47953}.Release|Any CPU.ActiveCfg = Release|Any CPU
		{8C0DB5D8-C180-41B3-90B8-C6E660B47953}.Release|Any CPU.Build.0 = Release|Any CPU
		{E89CEC2A-4F78-4244-A584-D74777E8056B}.Debug|Any CPU.ActiveCfg = Debug|Any CPU
		{E89CEC2A-4F78-4244-A584-D74777E8056B}.Debug|Any CPU.Build.0 = Debug|Any CPU
		{E89CEC2A-4F78-4244-A584-D74777E8056B}.Release|Any CPU.ActiveCfg = Release|Any CPU
		{E89CEC2A-4F78-4244-A584-D74777E8056B}.Release|Any CPU.Build.0 = Release|Any CPU
		{7EBF1706-54CF-46F3-82C1-FAFC8A01ADD3}.Debug|Any CPU.ActiveCfg = Debug|Any CPU
		{7EBF1706-54CF-46F3-82C1-FAFC8A01ADD3}.Debug|Any CPU.Build.0 = Debug|Any CPU
		{7EBF1706-54CF-46F3-82C1-FAFC8A01ADD3}.Release|Any CPU.ActiveCfg = Release|Any CPU
		{7EBF1706-54CF-46F3-82C1-FAFC8A01ADD3}.Release|Any CPU.Build.0 = Release|Any CPU
		{5E2B918C-0984-4244-A069-C11EA4EA4299}.Debug|Any CPU.ActiveCfg = Debug|Any CPU
		{5E2B918C-0984-4244-A069-C11EA4EA4299}.Debug|Any CPU.Build.0 = Debug|Any CPU
		{5E2B918C-0984-4244-A069-C11EA4EA4299}.Release|Any CPU.ActiveCfg = Release|Any CPU
		{5E2B918C-0984-4244-A069-C11EA4EA4299}.Release|Any CPU.Build.0 = Release|Any CPU
		{A8784D51-A32F-4939-8112-548312AA4F17}.Debug|Any CPU.ActiveCfg = Debug|Any CPU
		{A8784D51-A32F-4939-8112-548312AA4F17}.Debug|Any CPU.Build.0 = Debug|Any CPU
		{A8784D51-A32F-4939-8112-548312AA4F17}.Release|Any CPU.ActiveCfg = Release|Any CPU
		{A8784D51-A32F-4939-8112-548312AA4F17}.Release|Any CPU.Build.0 = Release|Any CPU
	EndGlobalSection
	GlobalSection(SolutionProperties) = preSolution
		HideSolutionNode = FALSE
	EndGlobalSection
	GlobalSection(ExtensibilityGlobals) = postSolution
		SolutionGuid = {B5B39BF8-EA60-4397-9C74-211EF22F5128}
	EndGlobalSection
EndGlobal
